name: ben_docs
channels:
  - conda-forge
  - nodefaults
dependencies:
  - _libgcc_mutex=0.1=conda_forge
  - _openmp_mutex=4.5=1_gnu
  - affine=2.3.0=py_0
  - alabaster=0.7.12=py_0
  - altair=4.1.0=py_1
  - altair_data_server=0.4.1=py_0
  - altair_saver=0.5.0=py_0
  - altair_viewer=0.4.0=pyhd8ed1ab_0
  - anyio=3.4.0=py38h578d9bd_0
  - argon2-cffi=21.1.0=py38h497a2fe_2
  - arrow=1.2.1=pyhd8ed1ab_0
  - async_generator=1.10=py_0
  - attrs=21.2.0=pyhd8ed1ab_0
  - babel=2.9.1=pyh44b312d_0
  - backcall=0.2.0=pyh9f0ad1d_0
  - backports=1.0=py_2
  - backports.functools_lru_cache=1.6.4=pyhd8ed1ab_0
  - beautifulsoup4=4.10.0=pyha770c72_0
  - binaryornot=0.4.4=py_1
  - bleach=4.1.0=pyhd8ed1ab_0
  - blosc=1.21.0=h9c3ff4c_0
  - bokeh=2.4.2=py38h578d9bd_0
  - boost-cpp=1.74.0=h359cf19_5
  - branca=0.4.2=pyhd8ed1ab_0
  - brotli=1.0.9=h7f98852_6
  - brotli-bin=1.0.9=h7f98852_6
  - brotlipy=0.7.0=py38h497a2fe_1003
  - bzip2=1.0.8=h7f98852_4
  - c-ares=1.18.1=h7f98852_0
  - ca-certificates=2021.10.8=ha878542_0
  - cairo=1.16.0=ha00ac49_1009
  - cartopy=0.20.1=py38h2f98cf7_5
  - certifi=2021.10.8=py38h578d9bd_1
  - cffi=1.15.0=py38h3931269_0
  - cfitsio=4.0.0=h9a35b8e_0
  - chardet=4.0.0=py38h578d9bd_2
  - charset-normalizer=2.0.9=pyhd8ed1ab_0
  - click=7.1.2=pyh9f0ad1d_0
  - click-completion=0.5.2=py38h578d9bd_3
  - click-log=0.3.2=pyh9f0ad1d_0
  - click-plugins=1.1.1=py_0
  - cligj=0.7.2=pyhd8ed1ab_1
  - colorama=0.4.4=pyh9f0ad1d_0
  - colorcet=3.0.0=pyhd8ed1ab_0
  - commonmark=0.9.1=py_0
  - cookiecutter=1.7.3=pyh6c4a22f_0
  - cryptography=36.0.0=py38h3e25421_0
  - curl=7.80.0=h2574ce0_0
  - cycler=0.11.0=pyhd8ed1ab_0
  - dataclasses=0.8=pyhc8e2a94_3
  - debugpy=1.5.1=py38h709712a_0
  - decorator=5.1.0=pyhd8ed1ab_0
  - defusedxml=0.7.1=pyhd8ed1ab_0
  - diskcache=5.3.0=pyhd8ed1ab_0
  - docutils=0.16=py38h578d9bd_3
  - entrypoints=0.3=pyhd8ed1ab_1003
  - expat=2.4.1=h9c3ff4c_0
  - fiona=1.8.20=py38h8228012_4
  - folium=0.12.1.post1=pyhd8ed1ab_1
  - font-ttf-dejavu-sans-mono=2.37=hab24e00_0
  - font-ttf-inconsolata=3.000=h77eed37_0
  - font-ttf-source-code-pro=2.038=h77eed37_0
  - font-ttf-ubuntu=0.83=hab24e00_0
  - fontconfig=2.13.1=hba837de_1005
  - fonts-conda-ecosystem=1=0
  - fonts-conda-forge=1=0
  - fonttools=4.28.3=py38h497a2fe_0
  - freetype=2.10.4=h0708190_1
  - freexl=1.0.6=h7f98852_0
  - fribidi=1.0.10=h36c2ea0_0
  - future=0.18.2=py38h578d9bd_4
  - gdal=3.4.0=py38hcf2042a_12
  - geopandas=0.10.2=pyhd8ed1ab_1
  - geopandas-base=0.10.2=pyha770c72_1
  - geos=3.10.1=h9c3ff4c_1
  - geotiff=1.7.0=h90a4e78_5
  - gettext=0.19.8.1=h73d1719_1008
  - giflib=5.2.1=h36c2ea0_2
  - gitdb=4.0.9=pyhd8ed1ab_0
  - gitpython=3.1.24=pyhd8ed1ab_0
  - graphite2=1.3.13=h58526e2_1001
  - greenlet=1.1.2=py38h709712a_1
  - harfbuzz=3.2.0=hb4a5f5f_0
  - hdf4=4.2.15=h10796ff_3
  - hdf5=1.12.1=nompi_h2750804_103
  - holoviews=1.14.6=pyhd8ed1ab_0
  - icu=69.1=h9c3ff4c_0
  - idna=3.1=pyhd3deb0d_0
  - imagesize=1.3.0=pyhd8ed1ab_0
  - importlib-metadata=4.8.2=py38h578d9bd_0
  - importlib_resources=3.3.1=pyhd8ed1ab_1
  - ipykernel=6.6.0=py38he5a9106_0
  - ipython=7.30.1=py38h578d9bd_0
  - ipython_genutils=0.2.0=py_1
  - ipywidgets=7.6.5=pyhd8ed1ab_0
  - jbig=2.1=h7f98852_2003
  - jedi=0.18.1=py38h578d9bd_0
  - jinja2=2.11.3=pyh44b312d_0
  - jinja2-time=0.2.0=py_2
  - joblib=1.1.0=pyhd8ed1ab_0
  - jpeg=9d=h36c2ea0_0
  - json-c=0.15=h98cffda_0
  - jsonschema=3.2.0=pyhd8ed1ab_3
  - jupyter-book=0.12.1=pyhd8ed1ab_0
  - jupyter-cache=0.4.3=pyhd8ed1ab_0
  - jupyter-server-mathjax=0.2.3=pyhd8ed1ab_0
  - jupyter-sphinx=0.3.2=pyhd8ed1ab_1
  - jupyter_client=7.1.0=pyhd8ed1ab_0
  - jupyter_core=4.9.1=py38h578d9bd_1
  - jupyter_server=1.13.1=pyhd8ed1ab_0
  - jupyterlab_pygments=0.1.2=pyh9f0ad1d_0
  - jupyterlab_widgets=1.0.2=pyhd8ed1ab_0
  - jupytext=1.11.5=pyh6002c4b_0
  - kealib=1.4.14=h87e4c3c_3
  - kiwisolver=1.3.2=py38h1fd1430_1
  - krb5=1.19.2=hcc1bbae_3
  - latexcodec=2.0.1=pyh9f0ad1d_0
  - lcms2=2.12=hddcbb42_0
  - ld_impl_linux-64=2.36.1=hea4e1c9_2
  - lerc=3.0=h9c3ff4c_0
  - libblas=3.9.0=12_linux64_openblas
  - libbrotlicommon=1.0.9=h7f98852_6
  - libbrotlidec=1.0.9=h7f98852_6
  - libbrotlienc=1.0.9=h7f98852_6
  - libcblas=3.9.0=12_linux64_openblas
  - libcurl=7.80.0=h2574ce0_0
  - libdap4=3.20.6=hd7c4107_2
  - libdeflate=1.8=h7f98852_0
  - libedit=3.1.20191231=he28a2e2_2
  - libev=4.33=h516909a_1
  - libffi=3.4.2=h7f98852_5
  - libgcc-ng=11.2.0=h1d223b6_11
  - libgdal=3.4.0=hbe510e8_12
  - libgfortran-ng=11.2.0=h69a702a_11
  - libgfortran5=11.2.0=h5c6108e_11
  - libglib=2.70.2=h174f98d_0
  - libgomp=11.2.0=h1d223b6_11
  - libiconv=1.16=h516909a_0
  - libkml=1.3.0=h238a007_1014
  - liblapack=3.9.0=12_linux64_openblas
  - libnetcdf=4.8.1=nompi_hb3fd0d9_101
  - libnghttp2=1.43.0=h812cca2_1
  - libnsl=2.0.0=h7f98852_0
  - libopenblas=0.3.18=pthreads_h8fe5266_0
  - libpng=1.6.37=h21135ba_2
  - libpq=14.1=hd57d9b9_1
  - librttopo=1.1.0=h30b5eef_8
  - libsodium=1.0.18=h36c2ea0_1
  - libspatialindex=1.9.3=h9c3ff4c_4
  - libspatialite=5.0.1=hf3ee066_12
  - libssh2=1.10.0=ha56f1ee_2
  - libstdcxx-ng=11.2.0=he4da1e4_11
  - libtiff=4.3.0=h6f004c6_2
  - libuuid=2.32.1=h7f98852_1000
  - libuv=1.42.0=h7f98852_0
  - libwebp-base=1.2.1=h7f98852_0
  - libxcb=1.13=h7f98852_1004
  - libxml2=2.9.12=h885dcf4_1
  - libzip=1.8.0=h4de3113_1
  - libzlib=1.2.11=h36c2ea0_1013
  - linkify-it-py=1.0.2=pyhd8ed1ab_0
  - lz4-c=1.9.3=h9c3ff4c_1
  - mapclassify=2.4.3=pyhd8ed1ab_0
  - markdown=3.3.6=pyhd8ed1ab_0
  - markdown-it-py=1.1.0=pyhd8ed1ab_0
  - markupsafe=1.1.1=py38h497a2fe_3
  - matplotlib-base=3.5.1=py38hf4fb855_0
  - matplotlib-inline=0.1.3=pyhd8ed1ab_0
  - mdit-py-plugins=0.2.8=pyhd8ed1ab_0
  - mistune=0.8.4=py38h497a2fe_1005
  - munch=2.5.0=py_0
  - munkres=1.1.4=pyh9f0ad1d_0
  - myst-nb=0.13.1=pyhd8ed1ab_0
  - myst-parser=0.15.2=pyhd8ed1ab_0
  - nbclient=0.5.9=pyhd8ed1ab_0
  - nbconvert=6.3.0=py38h578d9bd_1
  - nbdime=3.1.1=pyhd8ed1ab_0
  - nbformat=5.1.3=pyhd8ed1ab_0
  - nbstripout=0.5.0=pyhd8ed1ab_0
  - ncurses=6.2=h58526e2_4
  - nest-asyncio=1.5.4=pyhd8ed1ab_0
  - networkx=2.6.3=pyhd8ed1ab_1
  - nodejs=17.1.0=h8ca31f7_2
  - notebook=6.4.6=pyha770c72_0
  - nspr=4.32=h9c3ff4c_1
  - nss=3.73=hb5efdd6_0
  - numpy=1.21.4=py38he2449b9_0
  - olefile=0.46=pyh9f0ad1d_1
  - openjpeg=2.4.0=hb52868f_1
  - openssl=1.1.1l=h7f98852_0
  - packaging=21.3=pyhd8ed1ab_0
  - pandas=1.3.5=py38h43a58ef_0
  - pandoc=2.16.2=h7f98852_0
  - pandocfilters=1.5.0=pyhd8ed1ab_0
  - panel=0.12.6=pyhd8ed1ab_0
  - pango=1.48.10=h54213e6_2
  - param=1.12.0=pyh6c4a22f_0
  - parso=0.8.3=pyhd8ed1ab_0
  - pcre=8.45=h9c3ff4c_0
  - pexpect=4.8.0=pyh9f0ad1d_2
  - pickleshare=0.7.5=py_1003
  - pillow=8.4.0=py38h8e6f84c_0
  - pip=21.3.1=pyhd8ed1ab_0
  - pixman=0.40.0=h36c2ea0_0
  - poppler=21.11.0=ha39eefc_0
  - poppler-data=0.4.11=hd8ed1ab_0
  - portpicker=1.5.0=pyhd8ed1ab_0
  - postgresql=14.1=h2510834_1
  - poyo=0.5.0=py_0
  - proj=8.2.0=h277dcde_0
  - prometheus_client=0.12.0=pyhd8ed1ab_0
  - prompt-toolkit=3.0.24=pyha770c72_0
  - psutil=5.8.0=py38h497a2fe_2
  - pthread-stubs=0.4=h36c2ea0_1001
  - ptyprocess=0.7.0=pyhd3deb0d_0
  - pybtex=0.24.0=pyhd8ed1ab_2
  - pybtex-docutils=1.0.1=py38h578d9bd_1
  - pycparser=2.21=pyhd8ed1ab_0
  - pyct=0.4.6=py_0
  - pyct-core=0.4.6=py_0
  - pydata-sphinx-theme=0.7.2=pyhd8ed1ab_0
  - pygments=2.10.0=pyhd8ed1ab_0
  - pyopenssl=21.0.0=pyhd8ed1ab_0
  - pyparsing=3.0.6=pyhd8ed1ab_0
  - pyproj=3.3.0=py38hdd21e9b_0
  - pyrsistent=0.18.0=py38h497a2fe_0
  - pyshp=2.1.3=pyh44b312d_0
  - pysocks=1.7.1=py38h578d9bd_4
  - python=3.8.12=hb7a2778_2_cpython
  - python-dateutil=2.8.2=pyhd8ed1ab_0
  - python-slugify=5.0.2=pyhd8ed1ab_0
  - python_abi=3.8=2_cp38
  - pytz=2021.3=pyhd8ed1ab_0
  - pyviz_comms=2.1.0=pyhd8ed1ab_0
  - pyyaml=6.0=py38h497a2fe_3
  - pyzmq=22.3.0=py38h2035c66_1
  - rasterio=1.2.10=py38h5be73f9_3
  - readline=8.1=h46c0cb4_0
  - requests=2.26.0=pyhd8ed1ab_1
  - rich=10.16.1=pyhd8ed1ab_0
  - rtree=0.9.7=py38h02d302b_3
  - scikit-learn=1.0.1=py38h1561384_3
  - scipy=1.7.3=py38h56a6a73_0
  - selenium=3.141.0=py38h497a2fe_1003
  - send2trash=1.8.0=pyhd8ed1ab_0
  - setuptools=59.6.0=py38h578d9bd_0
  - shapely=1.8.0=py38h800f7b8_4
  - shellingham=1.4.0=pyh44b312d_0
  - six=1.16.0=pyh6c4a22f_0
  - smmap=3.0.5=pyh44b312d_0
  - sniffio=1.2.0=py38h578d9bd_2
  - snowballstemmer=2.2.0=pyhd8ed1ab_0
  - snuggs=1.4.7=py_0
  - soupsieve=2.3.1=pyhd8ed1ab_0
  - sphinx=4.3.1=pyh6c4a22f_0
  - sphinx-book-theme=0.1.7=pyhd8ed1ab_0
  - sphinx-comments=0.0.3=pyh9f0ad1d_0
  - sphinx-copybutton=0.4.0=pyhd8ed1ab_0
  - sphinx-external-toc=0.2.3=pyhd8ed1ab_0
  - sphinx-jupyterbook-latex=0.4.6=pyhd8ed1ab_0
  - sphinx-multitoc-numbering=0.1.3=pyhd8ed1ab_0
  - sphinx-panels=0.6.0=pyhd8ed1ab_0
  - sphinx-thebe=0.0.10=pyhd8ed1ab_0
  - sphinx-togglebutton=0.2.3=pyhd3deb0d_0
  - sphinxcontrib-applehelp=1.0.2=py_0
  - sphinxcontrib-bibtex=2.2.1=pyhd8ed1ab_0
  - sphinxcontrib-devhelp=1.0.2=py_0
  - sphinxcontrib-htmlhelp=2.0.0=pyhd8ed1ab_0
  - sphinxcontrib-jsmath=1.0.1=py_0
  - sphinxcontrib-qthelp=1.0.3=py_0
  - sphinxcontrib-serializinghtml=1.1.5=pyhd8ed1ab_1
  - sqlalchemy=1.4.28=py38h497a2fe_0
  - sqlite=3.37.0=h9cd32fc_0
  - terminado=0.12.1=py38h578d9bd_1
  - testpath=0.5.0=pyhd8ed1ab_0
  - text-unidecode=1.3=py_0
  - threadpoolctl=3.0.0=pyh8a188c0_0
  - tiledb=2.5.2=h2038895_0
  - tk=8.6.11=h27826a3_1
  - toml=0.10.2=pyhd8ed1ab_0
  - toolz=0.11.2=pyhd8ed1ab_0
  - tornado=6.1=py38h497a2fe_2
  - tqdm=4.62.3=pyhd8ed1ab_0
  - traitlets=5.1.1=pyhd8ed1ab_0
  - typing_extensions=4.0.1=pyha770c72_0
  - tzcode=2021e=h7f98852_0
  - tzdata=2021e=he74cb21_0
  - uc-micro-py=1.0.1=pyhd8ed1ab_0
  - unicodedata2=13.0.0.post2=py38h497a2fe_4
  - unidecode=1.3.2=pyhd8ed1ab_0
  - urllib3=1.26.7=pyhd8ed1ab_0
  - vega-cli=5.17.0=h3d4863c_5
  - vega-lite-cli=4.17.0=h7e777a6_3
  - wcwidth=0.2.5=pyh9f0ad1d_2
  - webencodings=0.5.1=py_1
  - websocket-client=1.2.3=pyhd8ed1ab_0
  - wheel=0.37.0=pyhd8ed1ab_1
  - widgetsnbextension=3.5.2=py38h578d9bd_1
  - xerces-c=3.2.3=h8ce2273_4
  - xorg-kbproto=1.0.7=h7f98852_1002
  - xorg-libice=1.0.10=h7f98852_0
  - xorg-libsm=1.2.3=hd9c2040_1000
  - xorg-libx11=1.7.2=h7f98852_0
  - xorg-libxau=1.0.9=h7f98852_0
  - xorg-libxdmcp=1.1.3=h7f98852_0
  - xorg-libxext=1.3.4=h7f98852_1
  - xorg-libxrender=0.9.10=h7f98852_1003
  - xorg-renderproto=0.11.1=h7f98852_1002
  - xorg-xextproto=7.3.0=h7f98852_1002
  - xorg-xproto=7.0.31=h7f98852_1007
  - xyzservices=2021.11.0=pyhd8ed1ab_1
  - xz=5.2.5=h516909a_1
  - yaml=0.2.5=h516909a_0
  - zeromq=4.3.4=h9c3ff4c_1
  - zipp=3.6.0=pyhd8ed1ab_0
  - zlib=1.2.11=h36c2ea0_1013
  - zstd=1.5.0=ha95c52a_0
prefix: /home/kai/mambaforge/envs/ben_docs
